
Microsoft Visual Studio Solution File, Format Version 12.00
# Visual Studio Version 16
VisualStudioVersion = 16.0.30711.63
MinimumVisualStudioVersion = 10.0.40219.1
Project("{FAE04EC0-301F-11D3-BF4B-00C04F79EFBC}") = "GrpcServiceBackend", "GrpcServiceBackend\GrpcServiceBackend.csproj", "{844195DB-CEF6-4F2B-8E83-4D4A84B10004}"
EndProject
Project("{FAE04EC0-301F-11D3-BF4B-00C04F79EFBC}") = "gRPC_Client", "gRPC_Client\gRPC_Client.csproj", "{88D88D18-B623-43FB-BD1A-C18B79124EEC}"
EndProject
Project("{FAE04EC0-301F-11D3-BF4B-00C04F79EFBC}") = "gRPC_WeatherService", "gRPC_WeatherService\gRPC_WeatherService.csproj", "{497F4EA2-43B8-462B-94BA-713E97CD57C4}"
EndProject
Global
	GlobalSection(SolutionConfigurationPlatforms) = preSolution
		Debug|Any CPU = Debug|Any CPU
		Release|Any CPU = Release|Any CPU
	EndGlobalSection
	GlobalSection(ProjectConfigurationPlatforms) = postSolution
		{844195DB-CEF6-4F2B-8E83-4D4A84B10004}.Debug|Any CPU.ActiveCfg = Debug|Any CPU
		{844195DB-CEF6-4F2B-8E83-4D4A84B10004}.Debug|Any CPU.Build.0 = Debug|Any CPU
		{844195DB-CEF6-4F2B-8E83-4D4A84B10004}.Release|Any CPU.ActiveCfg = Release|Any CPU
		{844195DB-CEF6-4F2B-8E83-4D4A84B10004}.Release|Any CPU.Build.0 = Release|Any CPU
		{88D88D18-B623-43FB-BD1A-C18B79124EEC}.Debug|Any CPU.ActiveCfg = Debug|Any CPU
		{88D88D18-B623-43FB-BD1A-C18B79124EEC}.Debug|Any CPU.Build.0 = Debug|Any CPU
		{88D88D18-B623-43FB-BD1A-C18B79124EEC}.Release|Any CPU.ActiveCfg = Release|Any CPU
		{88D88D18-B623-43FB-BD1A-C18B79124EEC}.Release|Any CPU.Build.0 = Release|Any CPU
		{497F4EA2-43B8-462B-94BA-713E97CD57C4}.Debug|Any CPU.ActiveCfg = Debug|Any CPU
		{497F4EA2-43B8-462B-94BA-713E97CD57C4}.Debug|Any CPU.Build.0 = Debug|Any CPU
		{497F4EA2-43B8-462B-94BA-713E97CD57C4}.Release|Any CPU.ActiveCfg = Release|Any CPU
		{497F4EA2-43B8-462B-94BA-713E97CD57C4}.Release|Any CPU.Build.0 = Release|Any CPU
	EndGlobalSection
	GlobalSection(SolutionProperties) = preSolution
		HideSolutionNode = FALSE
	EndGlobalSection
	GlobalSection(ExtensibilityGlobals) = postSolution
		SolutionGuid = {4874BFF0-F0A7-433C-A171-5997E104EDE9}
	EndGlobalSection
EndGlobal
